
Microsoft Visual Studio Solution File, Format Version 12.00
# Visual Studio Version 17
VisualStudioVersion = 17.11.35208.52
MinimumVisualStudioVersion = 10.0.40219.1
Project("{9A19103F-16F7-4668-BE54-9A1E7A4F7556}") = "RabbitMQ.Consumer", "RabbitMQ.Consumer\RabbitMQ.Consumer.csproj", "{5BD847F7-7582-492B-83F8-840D148C327C}"
EndProject
Project("{FAE04EC0-301F-11D3-BF4B-00C04F79EFBC}") = "RabbitMqDirectExchange", "RabbitMqDirectExchange\RabbitMqDirectExchange.csproj", "{85061253-C899-49C6-BA7E-AE5A16C231C8}"
EndProject
Project("{FAE04EC0-301F-11D3-BF4B-00C04F79EFBC}") = "RabbitMQFanoOutExchange", "RabbitMQFanoOutExchange\RabbitMQFanoOutExchange.csproj", "{A4BBDA5B-CFE0-48A4-AA1E-8D013D7E0F2E}"
EndProject
Global
	GlobalSection(SolutionConfigurationPlatforms) = preSolution
		Debug|Any CPU = Debug|Any CPU
		Release|Any CPU = Release|Any CPU
	EndGlobalSection
	GlobalSection(ProjectConfigurationPlatforms) = postSolution
		{5BD847F7-7582-492B-83F8-840D148C327C}.Debug|Any CPU.ActiveCfg = Debug|Any CPU
		{5BD847F7-7582-492B-83F8-840D148C327C}.Debug|Any CPU.Build.0 = Debug|Any CPU
		{5BD847F7-7582-492B-83F8-840D148C327C}.Release|Any CPU.ActiveCfg = Release|Any CPU
		{5BD847F7-7582-492B-83F8-840D148C327C}.Release|Any CPU.Build.0 = Release|Any CPU
		{85061253-C899-49C6-BA7E-AE5A16C231C8}.Debug|Any CPU.ActiveCfg = Debug|Any CPU
		{85061253-C899-49C6-BA7E-AE5A16C231C8}.Debug|Any CPU.Build.0 = Debug|Any CPU
		{85061253-C899-49C6-BA7E-AE5A16C231C8}.Release|Any CPU.ActiveCfg = Release|Any CPU
		{85061253-C899-49C6-BA7E-AE5A16C231C8}.Release|Any CPU.Build.0 = Release|Any CPU
		{A4BBDA5B-CFE0-48A4-AA1E-8D013D7E0F2E}.Debug|Any CPU.ActiveCfg = Debug|Any CPU
		{A4BBDA5B-CFE0-48A4-AA1E-8D013D7E0F2E}.Debug|Any CPU.Build.0 = Debug|Any CPU
		{A4BBDA5B-CFE0-48A4-AA1E-8D013D7E0F2E}.Release|Any CPU.ActiveCfg = Release|Any CPU
		{A4BBDA5B-CFE0-48A4-AA1E-8D013D7E0F2E}.Release|Any CPU.Build.0 = Release|Any CPU
	EndGlobalSection
	GlobalSection(SolutionProperties) = preSolution
		HideSolutionNode = FALSE
	EndGlobalSection
	GlobalSection(ExtensibilityGlobals) = postSolution
		SolutionGuid = {0E8A8601-1041-4C78-9F69-CC7962A3A695}
	EndGlobalSection
EndGlobal
