
Microsoft Visual Studio Solution File, Format Version 12.00
# Visual Studio Version 17
VisualStudioVersion = 17.11.35208.52
MinimumVisualStudioVersion = 10.0.40219.1
Project("{9A19103F-16F7-4668-BE54-9A1E7A4F7556}") = "RabbitMQ.Consumer", "RabbitMQ.Consumer\RabbitMQ.Consumer.csproj", "{5BD847F7-7582-492B-83F8-840D148C327C}"
EndProject
Project("{9A19103F-16F7-4668-BE54-9A1E7A4F7556}") = "RabbitMqDirectExchange", "RabbitMqDirectExchange\RabbitMqDirectExchange.csproj", "{85061253-C899-49C6-BA7E-AE5A16C231C8}"
EndProject
Project("{9A19103F-16F7-4668-BE54-9A1E7A4F7556}") = "RabbitMQFanoOutExchange", "RabbitMQFanoOutExchange\RabbitMQFanoOutExchange.csproj", "{A4BBDA5B-CFE0-48A4-AA1E-8D013D7E0F2E}"
EndProject
Project("{9A19103F-16F7-4668-BE54-9A1E7A4F7556}") = "RabbitMQTopicExchange", "RabbitMQTopicExchange\RabbitMQTopicExchange.csproj", "{660B9C24-B1F7-445E-96B0-50FB2D2EDE73}"
EndProject
Project("{9A19103F-16F7-4668-BE54-9A1E7A4F7556}") = "RabbitMQHeaderExchange", "RabbitMQHeaderExchange\RabbitMQHeaderExchange.csproj", "{D62CA022-AA99-40B2-BF29-D89FFDC378E8}"
EndProject
Project("{9A19103F-16F7-4668-BE54-9A1E7A4F7556}") = "RabbitMQMessageTemplatesConsumer", "RabbitMQMessageTemplatesConsumer\RabbitMQMessageTemplatesConsumer.csproj", "{7093E4A5-2992-49C6-A75A-954F036FE2CC}"
EndProject
Project("{FAE04EC0-301F-11D3-BF4B-00C04F79EFBC}") = "RabbitMqESBMassTransitConsumer", "RabbitMqESBMassTransitConsumer\RabbitMqESBMassTransitConsumer.csproj", "{D6585856-EEEC-4CC5-ACE2-E531AC89142F}"
EndProject
Project("{FAE04EC0-301F-11D3-BF4B-00C04F79EFBC}") = "RabbitMqESBMassTransitPublisher", "RabbitMqESBMassTransitPublisher\RabbitMqESBMassTransitPublisher.csproj", "{8574E473-50A1-48FB-8E95-AE67AEDC49A2}"
EndProject
Project("{FAE04EC0-301F-11D3-BF4B-00C04F79EFBC}") = "RabbitMqESBMassTransitShared", "RabbitMqESBMassTransitShared\RabbitMqESBMassTransitShared.csproj", "{16D0FE62-D558-4C92-8E98-1267E82C318F}"
EndProject
Project("{FAE04EC0-301F-11D3-BF4B-00C04F79EFBC}") = "RabbitMQESBMassTransitWorkerServicePublisher", "RabbitMQESBMassTransitWorkerServicePublisher\RabbitMQESBMassTransitWorkerServicePublisher.csproj", "{ECAB4782-C749-465C-A2EB-583997036E32}"
EndProject
Project("{FAE04EC0-301F-11D3-BF4B-00C04F79EFBC}") = "RabbitMQESBMassTransitWorkerServiceConsumer", "RabbitMQESBMassTransitWorkerServiceConsumer\RabbitMQESBMassTransitWorkerServiceConsumer.csproj", "{0C7F76CD-EAF2-4D70-A089-E069A646101D}"
EndProject
Global
	GlobalSection(SolutionConfigurationPlatforms) = preSolution
		Debug|Any CPU = Debug|Any CPU
		Release|Any CPU = Release|Any CPU
	EndGlobalSection
	GlobalSection(ProjectConfigurationPlatforms) = postSolution
		{5BD847F7-7582-492B-83F8-840D148C327C}.Debug|Any CPU.ActiveCfg = Debug|Any CPU
		{5BD847F7-7582-492B-83F8-840D148C327C}.Debug|Any CPU.Build.0 = Debug|Any CPU
		{5BD847F7-7582-492B-83F8-840D148C327C}.Release|Any CPU.ActiveCfg = Release|Any CPU
		{5BD847F7-7582-492B-83F8-840D148C327C}.Release|Any CPU.Build.0 = Release|Any CPU
		{85061253-C899-49C6-BA7E-AE5A16C231C8}.Debug|Any CPU.ActiveCfg = Debug|Any CPU
		{85061253-C899-49C6-BA7E-AE5A16C231C8}.Debug|Any CPU.Build.0 = Debug|Any CPU
		{85061253-C899-49C6-BA7E-AE5A16C231C8}.Release|Any CPU.ActiveCfg = Release|Any CPU
		{85061253-C899-49C6-BA7E-AE5A16C231C8}.Release|Any CPU.Build.0 = Release|Any CPU
		{A4BBDA5B-CFE0-48A4-AA1E-8D013D7E0F2E}.Debug|Any CPU.ActiveCfg = Debug|Any CPU
		{A4BBDA5B-CFE0-48A4-AA1E-8D013D7E0F2E}.Debug|Any CPU.Build.0 = Debug|Any CPU
		{A4BBDA5B-CFE0-48A4-AA1E-8D013D7E0F2E}.Release|Any CPU.ActiveCfg = Release|Any CPU
		{A4BBDA5B-CFE0-48A4-AA1E-8D013D7E0F2E}.Release|Any CPU.Build.0 = Release|Any CPU
		{660B9C24-B1F7-445E-96B0-50FB2D2EDE73}.Debug|Any CPU.ActiveCfg = Debug|Any CPU
		{660B9C24-B1F7-445E-96B0-50FB2D2EDE73}.Debug|Any CPU.Build.0 = Debug|Any CPU
		{660B9C24-B1F7-445E-96B0-50FB2D2EDE73}.Release|Any CPU.ActiveCfg = Release|Any CPU
		{660B9C24-B1F7-445E-96B0-50FB2D2EDE73}.Release|Any CPU.Build.0 = Release|Any CPU
		{D62CA022-AA99-40B2-BF29-D89FFDC378E8}.Debug|Any CPU.ActiveCfg = Debug|Any CPU
		{D62CA022-AA99-40B2-BF29-D89FFDC378E8}.Debug|Any CPU.Build.0 = Debug|Any CPU
		{D62CA022-AA99-40B2-BF29-D89FFDC378E8}.Release|Any CPU.ActiveCfg = Release|Any CPU
		{D62CA022-AA99-40B2-BF29-D89FFDC378E8}.Release|Any CPU.Build.0 = Release|Any CPU
		{7093E4A5-2992-49C6-A75A-954F036FE2CC}.Debug|Any CPU.ActiveCfg = Debug|Any CPU
		{7093E4A5-2992-49C6-A75A-954F036FE2CC}.Debug|Any CPU.Build.0 = Debug|Any CPU
		{7093E4A5-2992-49C6-A75A-954F036FE2CC}.Release|Any CPU.ActiveCfg = Release|Any CPU
		{7093E4A5-2992-49C6-A75A-954F036FE2CC}.Release|Any CPU.Build.0 = Release|Any CPU
		{D6585856-EEEC-4CC5-ACE2-E531AC89142F}.Debug|Any CPU.ActiveCfg = Debug|Any CPU
		{D6585856-EEEC-4CC5-ACE2-E531AC89142F}.Debug|Any CPU.Build.0 = Debug|Any CPU
		{D6585856-EEEC-4CC5-ACE2-E531AC89142F}.Release|Any CPU.ActiveCfg = Release|Any CPU
		{D6585856-EEEC-4CC5-ACE2-E531AC89142F}.Release|Any CPU.Build.0 = Release|Any CPU
		{8574E473-50A1-48FB-8E95-AE67AEDC49A2}.Debug|Any CPU.ActiveCfg = Debug|Any CPU
		{8574E473-50A1-48FB-8E95-AE67AEDC49A2}.Debug|Any CPU.Build.0 = Debug|Any CPU
		{8574E473-50A1-48FB-8E95-AE67AEDC49A2}.Release|Any CPU.ActiveCfg = Release|Any CPU
		{8574E473-50A1-48FB-8E95-AE67AEDC49A2}.Release|Any CPU.Build.0 = Release|Any CPU
		{16D0FE62-D558-4C92-8E98-1267E82C318F}.Debug|Any CPU.ActiveCfg = Debug|Any CPU
		{16D0FE62-D558-4C92-8E98-1267E82C318F}.Debug|Any CPU.Build.0 = Debug|Any CPU
		{16D0FE62-D558-4C92-8E98-1267E82C318F}.Release|Any CPU.ActiveCfg = Release|Any CPU
		{16D0FE62-D558-4C92-8E98-1267E82C318F}.Release|Any CPU.Build.0 = Release|Any CPU
		{ECAB4782-C749-465C-A2EB-583997036E32}.Debug|Any CPU.ActiveCfg = Debug|Any CPU
		{ECAB4782-C749-465C-A2EB-583997036E32}.Debug|Any CPU.Build.0 = Debug|Any CPU
		{ECAB4782-C749-465C-A2EB-583997036E32}.Release|Any CPU.ActiveCfg = Release|Any CPU
		{ECAB4782-C749-465C-A2EB-583997036E32}.Release|Any CPU.Build.0 = Release|Any CPU
		{0C7F76CD-EAF2-4D70-A089-E069A646101D}.Debug|Any CPU.ActiveCfg = Debug|Any CPU
		{0C7F76CD-EAF2-4D70-A089-E069A646101D}.Debug|Any CPU.Build.0 = Debug|Any CPU
		{0C7F76CD-EAF2-4D70-A089-E069A646101D}.Release|Any CPU.ActiveCfg = Release|Any CPU
		{0C7F76CD-EAF2-4D70-A089-E069A646101D}.Release|Any CPU.Build.0 = Release|Any CPU
	EndGlobalSection
	GlobalSection(SolutionProperties) = preSolution
		HideSolutionNode = FALSE
	EndGlobalSection
	GlobalSection(ExtensibilityGlobals) = postSolution
		SolutionGuid = {0E8A8601-1041-4C78-9F69-CC7962A3A695}
	EndGlobalSection
EndGlobal
