
Microsoft Visual Studio Solution File, Format Version 12.00
# Visual Studio Version 17
VisualStudioVersion = 17.11.35208.52
MinimumVisualStudioVersion = 10.0.40219.1
Project("{FAE04EC0-301F-11D3-BF4B-00C04F79EFBC}") = "RabbitMQ.Consumer", "RabbitMQ.Consumer\RabbitMQ.Consumer.csproj", "{5BD847F7-7582-492B-83F8-840D148C327C}"
EndProject
Global
	GlobalSection(SolutionConfigurationPlatforms) = preSolution
		Debug|Any CPU = Debug|Any CPU
		Release|Any CPU = Release|Any CPU
	EndGlobalSection
	GlobalSection(ProjectConfigurationPlatforms) = postSolution
		{5BD847F7-7582-492B-83F8-840D148C327C}.Debug|Any CPU.ActiveCfg = Debug|Any CPU
		{5BD847F7-7582-492B-83F8-840D148C327C}.Debug|Any CPU.Build.0 = Debug|Any CPU
		{5BD847F7-7582-492B-83F8-840D148C327C}.Release|Any CPU.ActiveCfg = Release|Any CPU
		{5BD847F7-7582-492B-83F8-840D148C327C}.Release|Any CPU.Build.0 = Release|Any CPU
	EndGlobalSection
	GlobalSection(SolutionProperties) = preSolution
		HideSolutionNode = FALSE
	EndGlobalSection
	GlobalSection(ExtensibilityGlobals) = postSolution
		SolutionGuid = {0E8A8601-1041-4C78-9F69-CC7962A3A695}
	EndGlobalSection
EndGlobal
